
Microsoft Visual Studio Solution File, Format Version 12.00
# Visual Studio 2017
Project("{FAE04EC0-301F-11D3-BF4B-00C04F79EFBC}") = "Test project.Plugins", "Test project.Plugins.csproj", "{A00D9BC9-5091-DD77-647F-1503CC17FEC8}"
EndProject
Project("{FAE04EC0-301F-11D3-BF4B-00C04F79EFBC}") = "Test project", "Test project.csproj", "{C17685E9-6856-8A64-15B5-B3E48F4F5844}"
EndProject
Project("{FAE04EC0-301F-11D3-BF4B-00C04F79EFBC}") = "Test project.Editor.Plugins", "Test project.Editor.Plugins.csproj", "{2030E39B-D7BA-1372-78CD-75B651B31451}"
EndProject
Global
	GlobalSection(SolutionConfigurationPlatforms) = preSolution
		Debug|Any CPU = Debug|Any CPU
		Release|Any CPU = Release|Any CPU
	EndGlobalSection
	GlobalSection(ProjectConfigurationPlatforms) = postSolution
		{A00D9BC9-5091-DD77-647F-1503CC17FEC8}.Debug|Any CPU.ActiveCfg = Debug|Any CPU
		{A00D9BC9-5091-DD77-647F-1503CC17FEC8}.Debug|Any CPU.Build.0 = Debug|Any CPU
		{A00D9BC9-5091-DD77-647F-1503CC17FEC8}.Release|Any CPU.ActiveCfg = Release|Any CPU
		{A00D9BC9-5091-DD77-647F-1503CC17FEC8}.Release|Any CPU.Build.0 = Release|Any CPU
		{C17685E9-6856-8A64-15B5-B3E48F4F5844}.Debug|Any CPU.ActiveCfg = Debug|Any CPU
		{C17685E9-6856-8A64-15B5-B3E48F4F5844}.Debug|Any CPU.Build.0 = Debug|Any CPU
		{C17685E9-6856-8A64-15B5-B3E48F4F5844}.Release|Any CPU.ActiveCfg = Release|Any CPU
		{C17685E9-6856-8A64-15B5-B3E48F4F5844}.Release|Any CPU.Build.0 = Release|Any CPU
		{2030E39B-D7BA-1372-78CD-75B651B31451}.Debug|Any CPU.ActiveCfg = Debug|Any CPU
		{2030E39B-D7BA-1372-78CD-75B651B31451}.Debug|Any CPU.Build.0 = Debug|Any CPU
		{2030E39B-D7BA-1372-78CD-75B651B31451}.Release|Any CPU.ActiveCfg = Release|Any CPU
		{2030E39B-D7BA-1372-78CD-75B651B31451}.Release|Any CPU.Build.0 = Release|Any CPU
	EndGlobalSection
	GlobalSection(SolutionProperties) = preSolution
		HideSolutionNode = FALSE
	EndGlobalSection
EndGlobal
