
Microsoft Visual Studio Solution File, Format Version 12.00
# Visual Studio 2017
Project("{FAE04EC0-301F-11D3-BF4B-00C04F79EFBC}") = "Whack-a-Ma", "Whack-a-Ma.csproj", "{42096C73-9920-FE3B-0BCA-F329B4EA0098}"
EndProject
Project("{FAE04EC0-301F-11D3-BF4B-00C04F79EFBC}") = "Whack-a-Ma.Editor", "Whack-a-Ma.Editor.csproj", "{BC678B53-9166-4E75-C8BB-EDA3DE5F3921}"
EndProject
Global
	GlobalSection(SolutionConfigurationPlatforms) = preSolution
		Debug|Any CPU = Debug|Any CPU
		Release|Any CPU = Release|Any CPU
	EndGlobalSection
	GlobalSection(ProjectConfigurationPlatforms) = postSolution
		{42096C73-9920-FE3B-0BCA-F329B4EA0098}.Debug|Any CPU.ActiveCfg = Debug|Any CPU
		{42096C73-9920-FE3B-0BCA-F329B4EA0098}.Debug|Any CPU.Build.0 = Debug|Any CPU
		{42096C73-9920-FE3B-0BCA-F329B4EA0098}.Release|Any CPU.ActiveCfg = Release|Any CPU
		{42096C73-9920-FE3B-0BCA-F329B4EA0098}.Release|Any CPU.Build.0 = Release|Any CPU
		{BC678B53-9166-4E75-C8BB-EDA3DE5F3921}.Debug|Any CPU.ActiveCfg = Debug|Any CPU
		{BC678B53-9166-4E75-C8BB-EDA3DE5F3921}.Debug|Any CPU.Build.0 = Debug|Any CPU
		{BC678B53-9166-4E75-C8BB-EDA3DE5F3921}.Release|Any CPU.ActiveCfg = Release|Any CPU
		{BC678B53-9166-4E75-C8BB-EDA3DE5F3921}.Release|Any CPU.Build.0 = Release|Any CPU
	EndGlobalSection
	GlobalSection(SolutionProperties) = preSolution
		HideSolutionNode = FALSE
	EndGlobalSection
EndGlobal
